// !$*UTF8*$!
{
	archiveVersion = 1;
	classes = {
	};
	objectVersion = 46;
	objects = {

/* Begin PBXBuildFile section */
		89DEBB091DF3A973008D842C /* AppDelegate.swift in Sources */ = {isa = PBXBuildFile; fileRef = 89DEBB081DF3A973008D842C /* AppDelegate.swift */; };
		89DEBB0B1DF3A973008D842C /* GreenViewController.swift in Sources */ = {isa = PBXBuildFile; fileRef = 89DEBB0A1DF3A973008D842C /* GreenViewController.swift */; };
		89DEBB0E1DF3A973008D842C /* Main.storyboard in Resources */ = {isa = PBXBuildFile; fileRef = 89DEBB0C1DF3A973008D842C /* Main.storyboard */; };
		89DEBB101DF3A973008D842C /* Assets.xcassets in Resources */ = {isa = PBXBuildFile; fileRef = 89DEBB0F1DF3A973008D842C /* Assets.xcassets */; };
		89DEBB131DF3A973008D842C /* LaunchScreen.storyboard in Resources */ = {isa = PBXBuildFile; fileRef = 89DEBB111DF3A973008D842C /* LaunchScreen.storyboard */; };
/* End PBXBuildFile section */

/* Begin PBXFileReference section */
		89DEBB051DF3A973008D842C /* NavigationControllerTest.app */ = {isa = PBXFileReference; explicitFileType = wrapper.application; includeInIndex = 0; path = NavigationControllerTest.app; sourceTree = BUILT_PRODUCTS_DIR; };
		89DEBB081DF3A973008D842C /* AppDelegate.swift */ = {isa = PBXFileReference; lastKnownFileType = sourcecode.swift; path = AppDelegate.swift; sourceTree = "<group>"; };
		89DEBB0A1DF3A973008D842C /* GreenViewController.swift */ = {isa = PBXFileReference; lastKnownFileType = sourcecode.swift; path = GreenViewController.swift; sourceTree = "<group>"; };
		89DEBB0D1DF3A973008D842C /* Base */ = {isa = PBXFileReference; lastKnownFileType = file.storyboard; name = Base; path = Base.lproj/Main.storyboard; sourceTree = "<group>"; };
		89DEBB0F1DF3A973008D842C /* Assets.xcassets */ = {isa = PBXFileReference; lastKnownFileType = folder.assetcatalog; path = Assets.xcassets; sourceTree = "<group>"; };
		89DEBB121DF3A973008D842C /* Base */ = {isa = PBXFileReference; lastKnownFileType = file.storyboard; name = Base; path = Base.lproj/LaunchScreen.storyboard; sourceTree = "<group>"; };
		89DEBB141DF3A973008D842C /* Info.plist */ = {isa = PBXFileReference; lastKnownFileType = text.plist.xml; path = Info.plist; sourceTree = "<group>"; };
/* End PBXFileReference section */

/* Begin PBXFrameworksBuildPhase section */
		89DEBB021DF3A973008D842C /* Frameworks */ = {
			isa = PBXFrameworksBuildPhase;
			buildActionMask = 2147483647;
			files = (
			);
			runOnlyForDeploymentPostprocessing = 0;
		};
/* End PBXFrameworksBuildPhase section */

/* Begin PBXGroup section */
		89DEBAFC1DF3A973008D842C = {
			isa = PBXGroup;
			children = (
				89DEBB071DF3A973008D842C /* NavigationControllerTest */,
				89DEBB061DF3A973008D842C /* Products */,
			);
			sourceTree = "<group>";
		};
		89DEBB061DF3A973008D842C /* Products */ = {
			isa = PBXGroup;
			children = (
				89DEBB051DF3A973008D842C /* NavigationControllerTest.app */,
			);
			name = Products;
			sourceTree = "<group>";
		};
		89DEBB071DF3A973008D842C /* NavigationControllerTest */ = {
			isa = PBXGroup;
			children = (
				89DEBB081DF3A973008D842C /* AppDelegate.swift */,
				89DEBB0A1DF3A973008D842C /* GreenViewController.swift */,
				89DEBB0C1DF3A973008D842C /* Main.storyboard */,
				89DEBB0F1DF3A973008D842C /* Assets.xcassets */,
				89DEBB111DF3A973008D842C /* LaunchScreen.storyboard */,
				89DEBB141DF3A973008D842C /* Info.plist */,
			);
			path = NavigationControllerTest;
			sourceTree = "<group>";
		};
/* End PBXGroup section */

/* Begin PBXNativeTarget section */
		89DEBB041DF3A973008D842C /* NavigationControllerTest */ = {
			isa = PBXNativeTarget;
			buildConfigurationList = 89DEBB171DF3A973008D842C /* Build configuration list for PBXNativeTarget "NavigationControllerTest" */;
			buildPhases = (
				89DEBB011DF3A973008D842C /* Sources */,
				89DEBB021DF3A973008D842C /* Frameworks */,
				89DEBB031DF3A973008D842C /* Resources */,
			);
			buildRules = (
			);
			dependencies = (
			);
			name = NavigationControllerTest;
			productName = NavigationControllerTest;
			productReference = 89DEBB051DF3A973008D842C /* NavigationControllerTest.app */;
			productType = "com.apple.product-type.application";
		};
/* End PBXNativeTarget section */

/* Begin PBXProject section */
		89DEBAFD1DF3A973008D842C /* Project object */ = {
			isa = PBXProject;
			attributes = {
				LastSwiftUpdateCheck = 0810;
				LastUpgradeCheck = 0810;
				ORGANIZATIONNAME = "Eric Downey";
				TargetAttributes = {
					89DEBB041DF3A973008D842C = {
						CreatedOnToolsVersion = 8.1;
						ProvisioningStyle = Automatic;
					};
				};
			};
			buildConfigurationList = 89DEBB001DF3A973008D842C /* Build configuration list for PBXProject "NavigationControllerTest" */;
			compatibilityVersion = "Xcode 3.2";
			developmentRegion = English;
			hasScannedForEncodings = 0;
			knownRegions = (
				en,
				Base,
			);
			mainGroup = 89DEBAFC1DF3A973008D842C;
			productRefGroup = 89DEBB061DF3A973008D842C /* Products */;
			projectDirPath = "";
			projectRoot = "";
			targets = (
				89DEBB041DF3A973008D842C /* NavigationControllerTest */,
			);
		};
/* End PBXProject section */

/* Begin PBXResourcesBuildPhase section */
		89DEBB031DF3A973008D842C /* Resources */ = {
			isa = PBXResourcesBuildPhase;
			buildActionMask = 2147483647;
			files = (
				89DEBB131DF3A973008D842C /* LaunchScreen.storyboard in Resources */,
				89DEBB101DF3A973008D842C /* Assets.xcassets in Resources */,
				89DEBB0E1DF3A973008D842C /* Main.storyboard in Resources */,
			);
			runOnlyForDeploymentPostprocessing = 0;
		};
/* End PBXResourcesBuildPhase section */

/* Begin PBXSourcesBuildPhase section */
		89DEBB011DF3A973008D842C /* Sources */ = {
			isa = PBXSourcesBuildPhase;
			buildActionMask = 2147483647;
			files = (
				89DEBB0B1DF3A973008D842C /* GreenViewController.swift in Sources */,
				89DEBB091DF3A973008D842C /* AppDelegate.swift in Sources */,
			);
			runOnlyForDeploymentPostprocessing = 0;
		};
/* End PBXSourcesBuildPhase section */

/* Begin PBXVariantGroup section */
		89DEBB0C1DF3A973008D842C /* Main.storyboard */ = {
			isa = PBXVariantGroup;
			children = (
				89DEBB0D1DF3A973008D842C /* Base */,
			);
			name = Main.storyboard;
			sourceTree = "<group>";
		};
		89DEBB111DF3A973008D842C /* LaunchScreen.storyboard */ = {
			isa = PBXVariantGroup;
			children = (
				89DEBB121DF3A973008D842C /* Base */,
			);
			name = LaunchScreen.storyboard;
			sourceTree = "<group>";
		};
/* End PBXVariantGroup section */

/* Begin XCBuildConfiguration section */
		89DEBB151DF3A973008D842C /* Debug */ = {
			isa = XCBuildConfiguration;
			buildSettings = {
				ALWAYS_SEARCH_USER_PATHS = NO;
				CLANG_ANALYZER_NONNULL = YES;
				CLANG_CXX_LANGUAGE_STANDARD = "gnu++0x";
				CLANG_CXX_LIBRARY = "libc++";
				CLANG_ENABLE_MODULES = YES;
				CLANG_ENABLE_OBJC_ARC = YES;
				CLANG_WARN_BOOL_CONVERSION = YES;
				CLANG_WARN_CONSTANT_CONVERSION = YES;
				CLANG_WARN_DIRECT_OBJC_ISA_USAGE = YES_ERROR;
				CLANG_WARN_DOCUMENTATION_COMMENTS = YES;
				CLANG_WARN_EMPTY_BODY = YES;
				CLANG_WARN_ENUM_CONVERSION = YES;
				CLANG_WARN_INFINITE_RECURSION = YES;
				CLANG_WARN_INT_CONVERSION = YES;
				CLANG_WARN_OBJC_ROOT_CLASS = YES_ERROR;
				CLANG_WARN_SUSPICIOUS_MOVES = YES;
				CLANG_WARN_UNREACHABLE_CODE = YES;
				CLANG_WARN__DUPLICATE_METHOD_MATCH = YES;
				"CODE_SIGN_IDENTITY[sdk=iphoneos*]" = "iPhone Developer";
				COPY_PHASE_STRIP = NO;
				DEBUG_INFORMATION_FORMAT = dwarf;
				ENABLE_STRICT_OBJC_MSGSEND = YES;
				ENABLE_TESTABILITY = YES;
				GCC_C_LANGUAGE_STANDARD = gnu99;
				GCC_DYNAMIC_NO_PIC = NO;
				GCC_NO_COMMON_BLOCKS = YES;
				GCC_OPTIMIZATION_LEVEL = 0;
				GCC_PREPROCESSOR_DEFINITIONS = (
					"DEBUG=1",
					"$(inherited)",
				);
				GCC_WARN_64_TO_32_BIT_CONVERSION = YES;
				GCC_WARN_ABOUT_RETURN_TYPE = YES_ERROR;
				GCC_WARN_UNDECLARED_SELECTOR = YES;
				GCC_WARN_UNINITIALIZED_AUTOS = YES_AGGRESSIVE;
				GCC_WARN_UNUSED_FUNCTION = YES;
				GCC_WARN_UNUSED_VARIABLE = YES;
				IPHONEOS_DEPLOYMENT_TARGET = 10.1;
				MTL_ENABLE_DEBUG_INFO = YES;
				ONLY_ACTIVE_ARCH = YES;
				SDKROOT = iphoneos;
				SWIFT_ACTIVE_COMPILATION_CONDITIONS = DEBUG;
				SWIFT_OPTIMIZATION_LEVEL = "-Onone";
			};
			name = Debug;
		};
		89DEBB161DF3A973008D842C /* Release */ = {
			isa = XCBuildConfiguration;
			buildSettings = {
				ALWAYS_SEARCH_USER_PATHS = NO;
				CLANG_ANALYZER_NONNULL = YES;
				CLANG_CXX_LANGUAGE_STANDARD = "gnu++0x";
				CLANG_CXX_LIBRARY = "libc++";
				CLANG_ENABLE_MODULES = YES;
				CLANG_ENABLE_OBJC_ARC = YES;
				CLANG_WARN_BOOL_CONVERSION = YES;
				CLANG_WARN_CONSTANT_CONVERSION = YES;
				CLANG_WARN_DIRECT_OBJC_ISA_USAGE = YES_ERROR;
				CLANG_WARN_DOCUMENTATION_COMMENTS = YES;
				CLANG_WARN_EMPTY_BODY = YES;
				CLANG_WARN_ENUM_CONVERSION = YES;
				CLANG_WARN_INFINITE_RECURSION = YES;
				CLANG_WARN_INT_CONVERSION = YES;
				CLANG_WARN_OBJC_ROOT_CLASS = YES_ERROR;
				CLANG_WARN_SUSPICIOUS_MOVES = YES;
				CLANG_WARN_UNREACHABLE_CODE = YES;
				CLANG_WARN__DUPLICATE_METHOD_MATCH = YES;
				"CODE_SIGN_IDENTITY[sdk=iphoneos*]" = "iPhone Developer";
				COPY_PHASE_STRIP = NO;
				DEBUG_INFORMATION_FORMAT = "dwarf-with-dsym";
				ENABLE_NS_ASSERTIONS = NO;
				ENABLE_STRICT_OBJC_MSGSEND = YES;
				GCC_C_LANGUAGE_STANDARD = gnu99;
				GCC_NO_COMMON_BLOCKS = YES;
				GCC_WARN_64_TO_32_BIT_CONVERSION = YES;
				GCC_WARN_ABOUT_RETURN_TYPE = YES_ERROR;
				GCC_WARN_UNDECLARED_SELECTOR = YES;
				GCC_WARN_UNINITIALIZED_AUTOS = YES_AGGRESSIVE;
				GCC_WARN_UNUSED_FUNCTION = YES;
				GCC_WARN_UNUSED_VARIABLE = YES;
				IPHONEOS_DEPLOYMENT_TARGET = 10.1;
				MTL_ENABLE_DEBUG_INFO = NO;
				SDKROOT = iphoneos;
				SWIFT_OPTIMIZATION_LEVEL = "-Owholemodule";
				VALIDATE_PRODUCT = YES;
			};
			name = Release;
		};
		89DEBB181DF3A973008D842C /* Debug */ = {
			isa = XCBuildConfiguration;
			buildSettings = {
				ASSETCATALOG_COMPILER_APPICON_NAME = AppIcon;
				INFOPLIST_FILE = NavigationControllerTest/Info.plist;
				LD_RUNPATH_SEARCH_PATHS = "$(inherited) @executable_path/Frameworks";
				PRODUCT_BUNDLE_IDENTIFIER = com.Downey.apps.NavigationControllerTest;
				PRODUCT_NAME = "$(TARGET_NAME)";
				SWIFT_VERSION = 3.0;
			};
			name = Debug;
		};
		89DEBB191DF3A973008D842C /* Release */ = {
			isa = XCBuildConfiguration;
			buildSettings = {
				ASSETCATALOG_COMPILER_APPICON_NAME = AppIcon;
				INFOPLIST_FILE = NavigationControllerTest/Info.plist;
				LD_RUNPATH_SEARCH_PATHS = "$(inherited) @executable_path/Frameworks";
				PRODUCT_BUNDLE_IDENTIFIER = com.Downey.apps.NavigationControllerTest;
				PRODUCT_NAME = "$(TARGET_NAME)";
				SWIFT_VERSION = 3.0;
			};
			name = Release;
		};
/* End XCBuildConfiguration section */

/* Begin XCConfigurationList section */
		89DEBB001DF3A973008D842C /* Build configuration list for PBXProject "NavigationControllerTest" */ = {
			isa = XCConfigurationList;
			buildConfigurations = (
				89DEBB151DF3A973008D842C /* Debug */,
				89DEBB161DF3A973008D842C /* Release */,
			);
			defaultConfigurationIsVisible = 0;
			defaultConfigurationName = Release;
		};
		89DEBB171DF3A973008D842C /* Build configuration list for PBXNativeTarget "NavigationControllerTest" */ = {
			isa = XCConfigurationList;
			buildConfigurations = (
				89DEBB181DF3A973008D842C /* Debug */,
				89DEBB191DF3A973008D842C /* Release */,
			);
			defaultConfigurationIsVisible = 0;
		};
/* End XCConfigurationList section */
	};
	rootObject = 89DEBAFD1DF3A973008D842C /* Project object */;
}
